
Microsoft Visual Studio Solution File, Format Version 12.00
# Visual Studio Version 16
VisualStudioVersion = 16.0.30804.86
MinimumVisualStudioVersion = 10.0.40219.1
Project("{FAE04EC0-301F-11D3-BF4B-00C04F79EFBC}") = "RazorWeb", "RazorWeb.csproj", "{2F8CD646-D385-4A17-8EE9-37999DC27EB2}"
EndProject
Global
	GlobalSection(SolutionConfigurationPlatforms) = preSolution
		Debug|Any CPU = Debug|Any CPU
		Release|Any CPU = Release|Any CPU
	EndGlobalSection
	GlobalSection(ProjectConfigurationPlatforms) = postSolution
		{2F8CD646-D385-4A17-8EE9-37999DC27EB2}.Debug|Any CPU.ActiveCfg = Debug|Any CPU
		{2F8CD646-D385-4A17-8EE9-37999DC27EB2}.Debug|Any CPU.Build.0 = Debug|Any CPU
		{2F8CD646-D385-4A17-8EE9-37999DC27EB2}.Release|Any CPU.ActiveCfg = Release|Any CPU
		{2F8CD646-D385-4A17-8EE9-37999DC27EB2}.Release|Any CPU.Build.0 = Release|Any CPU
	EndGlobalSection
	GlobalSection(SolutionProperties) = preSolution
		HideSolutionNode = FALSE
	EndGlobalSection
	GlobalSection(ExtensibilityGlobals) = postSolution
		SolutionGuid = {EF3D7367-B611-4326-BC26-52A65B11F723}
	EndGlobalSection
EndGlobal
